
Microsoft Visual Studio Solution File, Format Version 12.00
# Visual Studio 2013
VisualStudioVersion = 12.0.30324.0
MinimumVisualStudioVersion = 10.0.40219.1
Project("{F184B08F-C81C-45F6-A57F-5ABD9991F28F}") = "VBESE", "VBESE\VBESE.vbproj", "{B04962DC-5901-4A96-82CB-9AFC264377B1}"
EndProject
Project("{F184B08F-C81C-45F6-A57F-5ABD9991F28F}") = "ExampleOfEsentPersistantDictionary2", "ExampleOfEsentPersistantDictionary2\ExampleOfEsentPersistantDictionary2.vbproj", "{0407FD3A-CD46-4997-A2EF-5F668DBCC096}"
EndProject
Project("{2150E333-8FDC-42A3-9474-1A3956D46DE8}") = "Solution Items", "Solution Items", "{930DDCEA-8256-4F14-95F8-D16A7B1397A4}"
	ProjectSection(SolutionItems) = preProject
		README.md = README.md
	EndProjectSection
EndProject
Global
	GlobalSection(SolutionConfigurationPlatforms) = preSolution
		Debug|Any CPU = Debug|Any CPU
		Release|Any CPU = Release|Any CPU
	EndGlobalSection
	GlobalSection(ProjectConfigurationPlatforms) = postSolution
		{B04962DC-5901-4A96-82CB-9AFC264377B1}.Debug|Any CPU.ActiveCfg = Debug|Any CPU
		{B04962DC-5901-4A96-82CB-9AFC264377B1}.Debug|Any CPU.Build.0 = Debug|Any CPU
		{B04962DC-5901-4A96-82CB-9AFC264377B1}.Release|Any CPU.ActiveCfg = Release|Any CPU
		{B04962DC-5901-4A96-82CB-9AFC264377B1}.Release|Any CPU.Build.0 = Release|Any CPU
		{0407FD3A-CD46-4997-A2EF-5F668DBCC096}.Debug|Any CPU.ActiveCfg = Debug|Any CPU
		{0407FD3A-CD46-4997-A2EF-5F668DBCC096}.Debug|Any CPU.Build.0 = Debug|Any CPU
		{0407FD3A-CD46-4997-A2EF-5F668DBCC096}.Release|Any CPU.ActiveCfg = Release|Any CPU
		{0407FD3A-CD46-4997-A2EF-5F668DBCC096}.Release|Any CPU.Build.0 = Release|Any CPU
	EndGlobalSection
	GlobalSection(SolutionProperties) = preSolution
		HideSolutionNode = FALSE
	EndGlobalSection
EndGlobal
